<?xml version="1.0" encoding="utf-8"?>
<Project ToolsVersion="4.0" xmlns="http://schemas.microsoft.com/developer/msbuild/2003">
  <ItemGroup>
    <Filter Include="源文件">
      <UniqueIdentifier>{4FC737F1-C7A5-4376-A066-2A32D752A2FF}</UniqueIdentifier>
      <Extensions>cpp;c;cc;cxx;def;odl;idl;hpj;bat;asm;asmx</Extensions>
    </Filter>
    <Filter Include="头文件">
      <UniqueIdentifier>{93995380-89BD-4b04-88EB-625FBE52EBFB}</UniqueIdentifier>
      <Extensions>h;hpp;hxx;hm;inl;inc;xsd</Extensions>
    </Filter>
    <Filter Include="资源文件">
      <UniqueIdentifier>{67DA6AB6-F800-4c08-8B7A-83BB121AAD01}</UniqueIdentifier>
      <Extensions>rc;ico;cur;bmp;dlg;rc2;rct;bin;rgs;gif;jpg;jpeg;jpe;resx;tiff;tif;png;wav;mfcribbon-ms</Extensions>
    </Filter>
    <Filter Include="头文件\glyph">
      <UniqueIdentifier>{4af89fc0-fcd6-41cf-83f4-d9afeb220119}</UniqueIdentifier>
    </Filter>
    <Filter Include="源文件\glyph">
      <UniqueIdentifier>{982cb290-420b-4925-8e59-44b071cdb1a6}</UniqueIdentifier>
    </Filter>
    <Filter Include="源文件\formatter">
      <UniqueIdentifier>{7176e14a-9113-4a54-b4d9-b986745b0e4e}</UniqueIdentifier>
    </Filter>
    <Filter Include="头文件\formatter">
      <UniqueIdentifier>{ebae59fd-8130-4653-b451-99224c954a8d}</UniqueIdentifier>
    </Filter>
    <Filter Include="源文件\compositor">
      <UniqueIdentifier>{5a81d33f-accd-4049-b4c5-17f33fcdf041}</UniqueIdentifier>
    </Filter>
    <Filter Include="头文件\compositor">
      <UniqueIdentifier>{75b90d77-57f8-440a-8eb8-439a40a41ec3}</UniqueIdentifier>
    </Filter>
    <Filter Include="头文件\GUI">
      <UniqueIdentifier>{8b0a1261-ccf2-48e7-ad7a-4461179d07e9}</UniqueIdentifier>
    </Filter>
    <Filter Include="源文件\GUI">
      <UniqueIdentifier>{c14df5c3-50fa-410f-a33d-9db1ca0e8c7b}</UniqueIdentifier>
    </Filter>
  </ItemGroup>
  <ItemGroup>
    <ClCompile Include="stdafx.cpp">
      <Filter>源文件</Filter>
    </ClCompile>
    <ClCompile Include="BaseGlyph.cpp">
      <Filter>源文件\glyph</Filter>
    </ClCompile>
    <ClCompile Include="CharacterGlyph.cpp">
      <Filter>源文件\glyph</Filter>
    </ClCompile>
    <ClCompile Include="DocumentGlyph.cpp">
      <Filter>源文件\glyph</Filter>
    </ClCompile>
    <ClCompile Include="RowGlyph.cpp">
      <Filter>源文件\glyph</Filter>
    </ClCompile>
    <ClCompile Include="ParagraphGlyph.cpp">
      <Filter>源文件\glyph</Filter>
    </ClCompile>
    <ClCompile Include="BaseCompositor.cpp">
      <Filter>源文件\compositor</Filter>
    </ClCompile>
    <ClCompile Include="ParagraphCompositor.cpp">
      <Filter>源文件\compositor</Filter>
    </ClCompile>
    <ClCompile Include="CharacterFormat.cpp">
      <Filter>源文件\formatter</Filter>
    </ClCompile>
    <ClCompile Include="ParagraphFormat.cpp">
      <Filter>源文件\formatter</Filter>
    </ClCompile>
    <ClCompile Include="Frame.cpp">
      <Filter>源文件</Filter>
    </ClCompile>
    <ClCompile Include="Application.cpp">
      <Filter>源文件</Filter>
    </ClCompile>
    <ClCompile Include="Graphics.cpp">
      <Filter>源文件\GUI</Filter>
    </ClCompile>
    <ClCompile Include="View.cpp">
      <Filter>源文件</Filter>
    </ClCompile>
  </ItemGroup>
  <ItemGroup>
    <ClInclude Include="stdafx.h">
      <Filter>头文件</Filter>
    </ClInclude>
    <ClInclude Include="targetver.h">
      <Filter>头文件</Filter>
    </ClInclude>
    <ClInclude Include="Resource.h">
      <Filter>头文件</Filter>
    </ClInclude>
    <ClInclude Include="CharacterGlyph.h">
      <Filter>头文件\glyph</Filter>
    </ClInclude>
    <ClInclude Include="DocumentGlyph.h">
      <Filter>头文件\glyph</Filter>
    </ClInclude>
    <ClInclude Include="ParagraphGlyph.h">
      <Filter>头文件\glyph</Filter>
    </ClInclude>
    <ClInclude Include="BaseCompositor.h">
      <Filter>头文件\compositor</Filter>
    </ClInclude>
    <ClInclude Include="RowGlyph.h">
      <Filter>头文件\glyph</Filter>
    </ClInclude>
    <ClInclude Include="ParagraphCompositor.h">
      <Filter>头文件\compositor</Filter>
    </ClInclude>
    <ClInclude Include="BaseGlyph.h">
      <Filter>头文件\glyph</Filter>
    </ClInclude>
    <ClInclude Include="CharacterFormat.h">
      <Filter>头文件\formatter</Filter>
    </ClInclude>
    <ClInclude Include="ParagraphFormat.h">
      <Filter>头文件\formatter</Filter>
    </ClInclude>
    <ClInclude Include="View.h">
      <Filter>头文件</Filter>
    </ClInclude>
    <ClInclude Include="Frame.h">
      <Filter>头文件</Filter>
    </ClInclude>
    <ClInclude Include="Graphics.h">
      <Filter>头文件\GUI</Filter>
    </ClInclude>
    <ClInclude Include="FzSize.h">
      <Filter>头文件\GUI</Filter>
    </ClInclude>
    <ClInclude Include="FzStyle.h">
      <Filter>头文件\GUI</Filter>
    </ClInclude>
    <ClInclude Include="FzFont.h">
      <Filter>头文件\GUI</Filter>
    </ClInclude>
  </ItemGroup>
  <ItemGroup>
    <None Include="small.ico">
      <Filter>资源文件</Filter>
    </None>
    <None Include="TextEditer.ico">
      <Filter>资源文件</Filter>
    </None>
  </ItemGroup>
  <ItemGroup>
    <ResourceCompile Include="TextEditer.rc">
      <Filter>资源文件</Filter>
    </ResourceCompile>
  </ItemGroup>
</Project>